
Microsoft Visual Studio Solution File, Format Version 12.00
# Visual Studio Version 17
VisualStudioVersion = 17.8.34511.84
MinimumVisualStudioVersion = 10.0.40219.1
Project("{FAE04EC0-301F-11D3-BF4B-00C04F79EFBC}") = "DocumentVerificationAPI", "DocumentVerificationAPI\DocumentVerificationAPI.csproj", "{BFF7DEAC-E6FB-4DAA-8207-8FCBBB1B44B1}"
EndProject
Global
	GlobalSection(SolutionConfigurationPlatforms) = preSolution
		Debug|Any CPU = Debug|Any CPU
		Release|Any CPU = Release|Any CPU
	EndGlobalSection
	GlobalSection(ProjectConfigurationPlatforms) = postSolution
		{BFF7DEAC-E6FB-4DAA-8207-8FCBBB1B44B1}.Debug|Any CPU.ActiveCfg = Debug|Any CPU
		{BFF7DEAC-E6FB-4DAA-8207-8FCBBB1B44B1}.Debug|Any CPU.Build.0 = Debug|Any CPU
		{BFF7DEAC-E6FB-4DAA-8207-8FCBBB1B44B1}.Release|Any CPU.ActiveCfg = Release|Any CPU
		{BFF7DEAC-E6FB-4DAA-8207-8FCBBB1B44B1}.Release|Any CPU.Build.0 = Release|Any CPU
	EndGlobalSection
	GlobalSection(SolutionProperties) = preSolution
		HideSolutionNode = FALSE
	EndGlobalSection
	GlobalSection(ExtensibilityGlobals) = postSolution
		SolutionGuid = {EB8AA368-3B04-4887-99FE-9FD1DEE308C2}
	EndGlobalSection
EndGlobal
